
Microsoft Visual Studio Solution File, Format Version 11.00
# Visual C++ Express 2010
Project("{8BC9CEB8-8B4A-11D0-8D11-00A0C91BC942}") = "Game V3", "Game V3\Game V3.vcxproj", "{D0B0B215-35CE-4444-B0FD-488D341C249F}"
EndProject
Global
	GlobalSection(SolutionConfigurationPlatforms) = preSolution
		Debug|Win32 = Debug|Win32
		Release|Win32 = Release|Win32
	EndGlobalSection
	GlobalSection(ProjectConfigurationPlatforms) = postSolution
		{D0B0B215-35CE-4444-B0FD-488D341C249F}.Debug|Win32.ActiveCfg = Debug|Win32
		{D0B0B215-35CE-4444-B0FD-488D341C249F}.Debug|Win32.Build.0 = Debug|Win32
		{D0B0B215-35CE-4444-B0FD-488D341C249F}.Release|Win32.ActiveCfg = Release|Win32
		{D0B0B215-35CE-4444-B0FD-488D341C249F}.Release|Win32.Build.0 = Release|Win32
	EndGlobalSection
	GlobalSection(SolutionProperties) = preSolution
		HideSolutionNode = FALSE
	EndGlobalSection
EndGlobal
